
Microsoft Visual Studio Solution File, Format Version 12.00
# Visual Studio 14
VisualStudioVersion = 14.0.25420.1
MinimumVisualStudioVersion = 10.0.40219.1
Project("{8BC9CEB8-8B4A-11D0-8D11-00A0C91BC942}") = "test", "test\test.vcxproj", "{30E29CE6-E6FC-4D32-AA07-46A55FAF3A31}"
EndProject
Project("{8BC9CEB8-8B4A-11D0-8D11-00A0C91BC942}") = "dll", "dll.vcxproj", "{6D19209B-ECE7-4B9C-941C-0AA2B484F199}"
EndProject
Project("{2150E333-8FDC-42A3-9474-1A3956D46DE8}") = "tools", "tools", "{0A147F9F-22D5-44E6-B389-218CFFB0C524}"
EndProject
Project("{8BC9CEB8-8B4A-11D0-8D11-00A0C91BC942}") = "mdbx_load", "src\tools\mdbx_load.vcxproj", "{15030120-5F7F-48F9-ABE5-DFC814F2A4BB}"
EndProject
Project("{8BC9CEB8-8B4A-11D0-8D11-00A0C91BC942}") = "mdbx_dump", "src\tools\mdbx_dump.vcxproj", "{15030120-5F7F-48F9-ABE5-DFC814F2A4BC}"
EndProject
Project("{8BC9CEB8-8B4A-11D0-8D11-00A0C91BC942}") = "mdbx_copy", "src\tools\mdbx_copy.vcxproj", "{15030120-5F7F-48F9-ABE5-DFC814F2A4BD}"
EndProject
Project("{8BC9CEB8-8B4A-11D0-8D11-00A0C91BC942}") = "mdbx_chk", "src\tools\mdbx_chk.vcxproj", "{15030120-5F7F-48F9-ABE5-DFC814F2A4BE}"
EndProject
Project("{8BC9CEB8-8B4A-11D0-8D11-00A0C91BC942}") = "mdbx_stat", "src\tools\mdbx_stat.vcxproj", "{15030120-5F7F-48F9-ABE5-DFC814F2A4BF}"
EndProject
Global
	GlobalSection(SolutionConfigurationPlatforms) = preSolution
		Debug|x64 = Debug|x64
		Debug|x86 = Debug|x86
		Release|x64 = Release|x64
		Release|x86 = Release|x86
	EndGlobalSection
	GlobalSection(ProjectConfigurationPlatforms) = postSolution
		{30E29CE6-E6FC-4D32-AA07-46A55FAF3A31}.Debug|x64.ActiveCfg = Debug|x64
		{30E29CE6-E6FC-4D32-AA07-46A55FAF3A31}.Debug|x64.Build.0 = Debug|x64
		{30E29CE6-E6FC-4D32-AA07-46A55FAF3A31}.Debug|x86.ActiveCfg = Debug|Win32
		{30E29CE6-E6FC-4D32-AA07-46A55FAF3A31}.Debug|x86.Build.0 = Debug|Win32
		{30E29CE6-E6FC-4D32-AA07-46A55FAF3A31}.Release|x64.ActiveCfg = Release|x64
		{30E29CE6-E6FC-4D32-AA07-46A55FAF3A31}.Release|x64.Build.0 = Release|x64
		{30E29CE6-E6FC-4D32-AA07-46A55FAF3A31}.Release|x86.ActiveCfg = Release|Win32
		{30E29CE6-E6FC-4D32-AA07-46A55FAF3A31}.Release|x86.Build.0 = Release|Win32
		{6D19209B-ECE7-4B9C-941C-0AA2B484F199}.Debug|x64.ActiveCfg = Debug|x64
		{6D19209B-ECE7-4B9C-941C-0AA2B484F199}.Debug|x64.Build.0 = Debug|x64
		{6D19209B-ECE7-4B9C-941C-0AA2B484F199}.Debug|x86.ActiveCfg = Debug|Win32
		{6D19209B-ECE7-4B9C-941C-0AA2B484F199}.Debug|x86.Build.0 = Debug|Win32
		{6D19209B-ECE7-4B9C-941C-0AA2B484F199}.Release|x64.ActiveCfg = Release|x64
		{6D19209B-ECE7-4B9C-941C-0AA2B484F199}.Release|x64.Build.0 = Release|x64
		{6D19209B-ECE7-4B9C-941C-0AA2B484F199}.Release|x86.ActiveCfg = Release|Win32
		{6D19209B-ECE7-4B9C-941C-0AA2B484F199}.Release|x86.Build.0 = Release|Win32
		{15030120-5F7F-48F9-ABE5-DFC814F2A4BB}.Debug|x64.ActiveCfg = Debug|x64
		{15030120-5F7F-48F9-ABE5-DFC814F2A4BB}.Debug|x64.Build.0 = Debug|x64
		{15030120-5F7F-48F9-ABE5-DFC814F2A4BB}.Debug|x86.ActiveCfg = Debug|Win32
		{15030120-5F7F-48F9-ABE5-DFC814F2A4BB}.Debug|x86.Build.0 = Debug|Win32
		{15030120-5F7F-48F9-ABE5-DFC814F2A4BB}.Release|x64.ActiveCfg = Release|x64
		{15030120-5F7F-48F9-ABE5-DFC814F2A4BB}.Release|x64.Build.0 = Release|x64
		{15030120-5F7F-48F9-ABE5-DFC814F2A4BB}.Release|x86.ActiveCfg = Release|Win32
		{15030120-5F7F-48F9-ABE5-DFC814F2A4BB}.Release|x86.Build.0 = Release|Win32
		{15030120-5F7F-48F9-ABE5-DFC814F2A4BC}.Debug|x64.ActiveCfg = Debug|x64
		{15030120-5F7F-48F9-ABE5-DFC814F2A4BC}.Debug|x64.Build.0 = Debug|x64
		{15030120-5F7F-48F9-ABE5-DFC814F2A4BC}.Debug|x86.ActiveCfg = Debug|Win32
		{15030120-5F7F-48F9-ABE5-DFC814F2A4BC}.Debug|x86.Build.0 = Debug|Win32
		{15030120-5F7F-48F9-ABE5-DFC814F2A4BC}.Release|x64.ActiveCfg = Release|x64
		{15030120-5F7F-48F9-ABE5-DFC814F2A4BC}.Release|x64.Build.0 = Release|x64
		{15030120-5F7F-48F9-ABE5-DFC814F2A4BC}.Release|x86.ActiveCfg = Release|Win32
		{15030120-5F7F-48F9-ABE5-DFC814F2A4BC}.Release|x86.Build.0 = Release|Win32
		{15030120-5F7F-48F9-ABE5-DFC814F2A4BD}.Debug|x64.ActiveCfg = Debug|x64
		{15030120-5F7F-48F9-ABE5-DFC814F2A4BD}.Debug|x64.Build.0 = Debug|x64
		{15030120-5F7F-48F9-ABE5-DFC814F2A4BD}.Debug|x86.ActiveCfg = Debug|Win32
		{15030120-5F7F-48F9-ABE5-DFC814F2A4BD}.Debug|x86.Build.0 = Debug|Win32
		{15030120-5F7F-48F9-ABE5-DFC814F2A4BD}.Release|x64.ActiveCfg = Release|x64
		{15030120-5F7F-48F9-ABE5-DFC814F2A4BD}.Release|x64.Build.0 = Release|x64
		{15030120-5F7F-48F9-ABE5-DFC814F2A4BD}.Release|x86.ActiveCfg = Release|Win32
		{15030120-5F7F-48F9-ABE5-DFC814F2A4BD}.Release|x86.Build.0 = Release|Win32
		{15030120-5F7F-48F9-ABE5-DFC814F2A4BE}.Debug|x64.ActiveCfg = Debug|x64
		{15030120-5F7F-48F9-ABE5-DFC814F2A4BE}.Debug|x64.Build.0 = Debug|x64
		{15030120-5F7F-48F9-ABE5-DFC814F2A4BE}.Debug|x86.ActiveCfg = Debug|Win32
		{15030120-5F7F-48F9-ABE5-DFC814F2A4BE}.Debug|x86.Build.0 = Debug|Win32
		{15030120-5F7F-48F9-ABE5-DFC814F2A4BE}.Release|x64.ActiveCfg = Release|x64
		{15030120-5F7F-48F9-ABE5-DFC814F2A4BE}.Release|x64.Build.0 = Release|x64
		{15030120-5F7F-48F9-ABE5-DFC814F2A4BE}.Release|x86.ActiveCfg = Release|Win32
		{15030120-5F7F-48F9-ABE5-DFC814F2A4BE}.Release|x86.Build.0 = Release|Win32
		{15030120-5F7F-48F9-ABE5-DFC814F2A4BF}.Debug|x64.ActiveCfg = Debug|x64
		{15030120-5F7F-48F9-ABE5-DFC814F2A4BF}.Debug|x64.Build.0 = Debug|x64
		{15030120-5F7F-48F9-ABE5-DFC814F2A4BF}.Debug|x86.ActiveCfg = Debug|Win32
		{15030120-5F7F-48F9-ABE5-DFC814F2A4BF}.Debug|x86.Build.0 = Debug|Win32
		{15030120-5F7F-48F9-ABE5-DFC814F2A4BF}.Release|x64.ActiveCfg = Release|x64
		{15030120-5F7F-48F9-ABE5-DFC814F2A4BF}.Release|x64.Build.0 = Release|x64
		{15030120-5F7F-48F9-ABE5-DFC814F2A4BF}.Release|x86.ActiveCfg = Release|Win32
		{15030120-5F7F-48F9-ABE5-DFC814F2A4BF}.Release|x86.Build.0 = Release|Win32
	EndGlobalSection
	GlobalSection(SolutionProperties) = preSolution
		HideSolutionNode = FALSE
	EndGlobalSection
	GlobalSection(NestedProjects) = preSolution
		{15030120-5F7F-48F9-ABE5-DFC814F2A4BB} = {0A147F9F-22D5-44E6-B389-218CFFB0C524}
		{15030120-5F7F-48F9-ABE5-DFC814F2A4BC} = {0A147F9F-22D5-44E6-B389-218CFFB0C524}
		{15030120-5F7F-48F9-ABE5-DFC814F2A4BD} = {0A147F9F-22D5-44E6-B389-218CFFB0C524}
		{15030120-5F7F-48F9-ABE5-DFC814F2A4BE} = {0A147F9F-22D5-44E6-B389-218CFFB0C524}
		{15030120-5F7F-48F9-ABE5-DFC814F2A4BF} = {0A147F9F-22D5-44E6-B389-218CFFB0C524}
	EndGlobalSection
EndGlobal
